
Microsoft Visual Studio Solution File, Format Version 12.00
# Visual Studio Version 16
VisualStudioVersion = 16.0.30611.23
MinimumVisualStudioVersion = 10.0.40219.1
Project("{F184B08F-C81C-45F6-A57F-5ABD9991F28F}") = "Utility of Time", "Utility of Time.vbproj", "{99CEE4F4-041C-4147-AE4F-5E11988AE392}"
	ProjectSection(ProjectDependencies) = postProject
		{089C1412-5CCA-4E35-A3A9-13BB34071E8C} = {089C1412-5CCA-4E35-A3A9-13BB34071E8C}
	EndProjectSection
EndProject
Project("{FAE04EC0-301F-11D3-BF4B-00C04F79EFBC}") = "Utility of Time CSharp", "..\Utility of Time CSharp\Utility of Time CSharp.csproj", "{089C1412-5CCA-4E35-A3A9-13BB34071E8C}"
EndProject
Project("{FAE04EC0-301F-11D3-BF4B-00C04F79EFBC}") = "Utility of Time CSharp Tests", "..\Utility of Time CSharp Tests\Utility of Time CSharp Tests.csproj", "{1DEEA137-DB54-4358-8FCF-1439125954BE}"
	ProjectSection(ProjectDependencies) = postProject
		{089C1412-5CCA-4E35-A3A9-13BB34071E8C} = {089C1412-5CCA-4E35-A3A9-13BB34071E8C}
	EndProjectSection
EndProject
Global
	GlobalSection(SolutionConfigurationPlatforms) = preSolution
		Debug|Any CPU = Debug|Any CPU
		Debug|x64 = Debug|x64
		Debug|x86 = Debug|x86
		Release|Any CPU = Release|Any CPU
		Release|x64 = Release|x64
		Release|x86 = Release|x86
	EndGlobalSection
	GlobalSection(ProjectConfigurationPlatforms) = postSolution
		{99CEE4F4-041C-4147-AE4F-5E11988AE392}.Debug|Any CPU.ActiveCfg = Release|x86
		{99CEE4F4-041C-4147-AE4F-5E11988AE392}.Debug|Any CPU.Build.0 = Release|x86
		{99CEE4F4-041C-4147-AE4F-5E11988AE392}.Debug|x64.ActiveCfg = Debug|x64
		{99CEE4F4-041C-4147-AE4F-5E11988AE392}.Debug|x64.Build.0 = Debug|x64
		{99CEE4F4-041C-4147-AE4F-5E11988AE392}.Debug|x86.ActiveCfg = Debug|x86
		{99CEE4F4-041C-4147-AE4F-5E11988AE392}.Debug|x86.Build.0 = Debug|x86
		{99CEE4F4-041C-4147-AE4F-5E11988AE392}.Release|Any CPU.ActiveCfg = Release|Any CPU
		{99CEE4F4-041C-4147-AE4F-5E11988AE392}.Release|Any CPU.Build.0 = Release|Any CPU
		{99CEE4F4-041C-4147-AE4F-5E11988AE392}.Release|x64.ActiveCfg = Release|x64
		{99CEE4F4-041C-4147-AE4F-5E11988AE392}.Release|x64.Build.0 = Release|x64
		{99CEE4F4-041C-4147-AE4F-5E11988AE392}.Release|x86.ActiveCfg = Release|x86
		{99CEE4F4-041C-4147-AE4F-5E11988AE392}.Release|x86.Build.0 = Release|x86
		{089C1412-5CCA-4E35-A3A9-13BB34071E8C}.Debug|Any CPU.ActiveCfg = Debug|Any CPU
		{089C1412-5CCA-4E35-A3A9-13BB34071E8C}.Debug|Any CPU.Build.0 = Debug|Any CPU
		{089C1412-5CCA-4E35-A3A9-13BB34071E8C}.Debug|x64.ActiveCfg = Debug|Any CPU
		{089C1412-5CCA-4E35-A3A9-13BB34071E8C}.Debug|x64.Build.0 = Debug|Any CPU
		{089C1412-5CCA-4E35-A3A9-13BB34071E8C}.Debug|x86.ActiveCfg = Debug|Any CPU
		{089C1412-5CCA-4E35-A3A9-13BB34071E8C}.Debug|x86.Build.0 = Debug|Any CPU
		{089C1412-5CCA-4E35-A3A9-13BB34071E8C}.Release|Any CPU.ActiveCfg = Release|Any CPU
		{089C1412-5CCA-4E35-A3A9-13BB34071E8C}.Release|Any CPU.Build.0 = Release|Any CPU
		{089C1412-5CCA-4E35-A3A9-13BB34071E8C}.Release|x64.ActiveCfg = Release|Any CPU
		{089C1412-5CCA-4E35-A3A9-13BB34071E8C}.Release|x64.Build.0 = Release|Any CPU
		{089C1412-5CCA-4E35-A3A9-13BB34071E8C}.Release|x86.ActiveCfg = Release|Any CPU
		{089C1412-5CCA-4E35-A3A9-13BB34071E8C}.Release|x86.Build.0 = Release|Any CPU
		{1DEEA137-DB54-4358-8FCF-1439125954BE}.Debug|Any CPU.ActiveCfg = Debug|Any CPU
		{1DEEA137-DB54-4358-8FCF-1439125954BE}.Debug|Any CPU.Build.0 = Debug|Any CPU
		{1DEEA137-DB54-4358-8FCF-1439125954BE}.Debug|x64.ActiveCfg = Debug|Any CPU
		{1DEEA137-DB54-4358-8FCF-1439125954BE}.Debug|x64.Build.0 = Debug|Any CPU
		{1DEEA137-DB54-4358-8FCF-1439125954BE}.Debug|x86.ActiveCfg = Debug|Any CPU
		{1DEEA137-DB54-4358-8FCF-1439125954BE}.Debug|x86.Build.0 = Debug|Any CPU
		{1DEEA137-DB54-4358-8FCF-1439125954BE}.Release|Any CPU.ActiveCfg = Release|Any CPU
		{1DEEA137-DB54-4358-8FCF-1439125954BE}.Release|Any CPU.Build.0 = Release|Any CPU
		{1DEEA137-DB54-4358-8FCF-1439125954BE}.Release|x64.ActiveCfg = Release|Any CPU
		{1DEEA137-DB54-4358-8FCF-1439125954BE}.Release|x64.Build.0 = Release|Any CPU
		{1DEEA137-DB54-4358-8FCF-1439125954BE}.Release|x86.ActiveCfg = Release|Any CPU
		{1DEEA137-DB54-4358-8FCF-1439125954BE}.Release|x86.Build.0 = Release|Any CPU
	EndGlobalSection
	GlobalSection(SolutionProperties) = preSolution
		HideSolutionNode = FALSE
	EndGlobalSection
	GlobalSection(ExtensibilityGlobals) = postSolution
		SolutionGuid = {7A51C629-3234-4277-9FA8-7F3AE3686904}
	EndGlobalSection
EndGlobal
